// !$*UTF8*$!
{
	archiveVersion = 1;
	classes = {
	};
	objectVersion = 77;
	objects = {

/* Begin PBXBuildFile section */
		2626098B781F6B9926D5DBD5 /* WaterEntry.swift in Sources */ = {isa = PBXBuildFile; fileRef = 0D824C3DE4B98D7F82AF5444 /* WaterEntry.swift */; };
		55DCBF68DE4B9D3A6BFD0AAF /* NotificationManager.swift in Sources */ = {isa = PBXBuildFile; fileRef = F604C5D236538F1C1087C6A5 /* NotificationManager.swift */; };
		6151C675EFD872293EE78BD2 /* WaterNotifyApp.swift in Sources */ = {isa = PBXBuildFile; fileRef = CB94AD520C331AEA3364BEC6 /* WaterNotifyApp.swift */; };
		7EA9336FC8FAF351ABEE6C5A /* ContentView.swift in Sources */ = {isa = PBXBuildFile; fileRef = 5CA6AAF269DF47B534CD90B4 /* ContentView.swift */; };
		BEDE9D5E8436BB2C21EEE75B /* NotificationScheduleTests.swift in Sources */ = {isa = PBXBuildFile; fileRef = 86915FDB29F402185B5DE7F8 /* NotificationScheduleTests.swift */; };
		CB7543EF97210B347263905E /* GlassesView.swift in Sources */ = {isa = PBXBuildFile; fileRef = 9DB0BA7B051E895C39C1600B /* GlassesView.swift */; };
		CD293F275402F32EC9F90834 /* GlassesLogicTests.swift in Sources */ = {isa = PBXBuildFile; fileRef = 2AC29668A12D2503E3CBAC17 /* GlassesLogicTests.swift */; };
		D00274D5828524917862033B /* NotificationSchedule.swift in Sources */ = {isa = PBXBuildFile; fileRef = F71E41851C13FC9CB4B52614 /* NotificationSchedule.swift */; };
/* End PBXBuildFile section */

/* Begin PBXContainerItemProxy section */
		C85958970E9D8786648EF4D8 /* PBXContainerItemProxy */ = {
			isa = PBXContainerItemProxy;
			containerPortal = C09E0E8AB3B731A0A207EEC1 /* Project object */;
			proxyType = 1;
			remoteGlobalIDString = 4E83FB2DC621129B06321F33;
			remoteInfo = WaterNotify;
		};
/* End PBXContainerItemProxy section */

/* Begin PBXFileReference section */
		0D824C3DE4B98D7F82AF5444 /* WaterEntry.swift */ = {isa = PBXFileReference; lastKnownFileType = sourcecode.swift; path = WaterEntry.swift; sourceTree = "<group>"; };
		2AC29668A12D2503E3CBAC17 /* GlassesLogicTests.swift */ = {isa = PBXFileReference; lastKnownFileType = sourcecode.swift; path = GlassesLogicTests.swift; sourceTree = "<group>"; };
		38C7BE22679BA8AFB0F6C503 /* WaterNotify.app */ = {isa = PBXFileReference; includeInIndex = 0; lastKnownFileType = wrapper.application; path = WaterNotify.app; sourceTree = BUILT_PRODUCTS_DIR; };
		5CA6AAF269DF47B534CD90B4 /* ContentView.swift */ = {isa = PBXFileReference; lastKnownFileType = sourcecode.swift; path = ContentView.swift; sourceTree = "<group>"; };
		86915FDB29F402185B5DE7F8 /* NotificationScheduleTests.swift */ = {isa = PBXFileReference; lastKnownFileType = sourcecode.swift; path = NotificationScheduleTests.swift; sourceTree = "<group>"; };
		9DB0BA7B051E895C39C1600B /* GlassesView.swift */ = {isa = PBXFileReference; lastKnownFileType = sourcecode.swift; path = GlassesView.swift; sourceTree = "<group>"; };
		ABAD979F31EBA5C2CF864F74 /* Info.plist */ = {isa = PBXFileReference; lastKnownFileType = text.plist; path = Info.plist; sourceTree = "<group>"; };
		B76C5684171F00D6B1202D29 /* WaterNotifyTests.xctest */ = {isa = PBXFileReference; includeInIndex = 0; lastKnownFileType = wrapper.cfbundle; path = WaterNotifyTests.xctest; sourceTree = BUILT_PRODUCTS_DIR; };
		CB94AD520C331AEA3364BEC6 /* WaterNotifyApp.swift */ = {isa = PBXFileReference; lastKnownFileType = sourcecode.swift; path = WaterNotifyApp.swift; sourceTree = "<group>"; };
		F604C5D236538F1C1087C6A5 /* NotificationManager.swift */ = {isa = PBXFileReference; lastKnownFileType = sourcecode.swift; path = NotificationManager.swift; sourceTree = "<group>"; };
		F71E41851C13FC9CB4B52614 /* NotificationSchedule.swift */ = {isa = PBXFileReference; lastKnownFileType = sourcecode.swift; path = NotificationSchedule.swift; sourceTree = "<group>"; };
/* End PBXFileReference section */

/* Begin PBXGroup section */
		6E4447F24F5EBA52FD7958CE = {
			isa = PBXGroup;
			children = (
				C2332D7376901D36E225D4EA /* WaterNotify */,
				CC05380098332288A7B28EC0 /* WaterNotifyTests */,
				E40357BC40568D366C96C623 /* Products */,
			);
			sourceTree = "<group>";
		};
		C2332D7376901D36E225D4EA /* WaterNotify */ = {
			isa = PBXGroup;
			children = (
				5CA6AAF269DF47B534CD90B4 /* ContentView.swift */,
				9DB0BA7B051E895C39C1600B /* GlassesView.swift */,
				ABAD979F31EBA5C2CF864F74 /* Info.plist */,
				F604C5D236538F1C1087C6A5 /* NotificationManager.swift */,
				F71E41851C13FC9CB4B52614 /* NotificationSchedule.swift */,
				0D824C3DE4B98D7F82AF5444 /* WaterEntry.swift */,
				CB94AD520C331AEA3364BEC6 /* WaterNotifyApp.swift */,
			);
			name = WaterNotify;
			path = Sources/WaterNotify;
			sourceTree = "<group>";
		};
		CC05380098332288A7B28EC0 /* WaterNotifyTests */ = {
			isa = PBXGroup;
			children = (
				2AC29668A12D2503E3CBAC17 /* GlassesLogicTests.swift */,
				86915FDB29F402185B5DE7F8 /* NotificationScheduleTests.swift */,
			);
			name = WaterNotifyTests;
			path = Sources/WaterNotifyTests;
			sourceTree = "<group>";
		};
		E40357BC40568D366C96C623 /* Products */ = {
			isa = PBXGroup;
			children = (
				38C7BE22679BA8AFB0F6C503 /* WaterNotify.app */,
				B76C5684171F00D6B1202D29 /* WaterNotifyTests.xctest */,
			);
			name = Products;
			sourceTree = "<group>";
		};
/* End PBXGroup section */

/* Begin PBXNativeTarget section */
		47DCB3E8A55FF6DAF11927B1 /* WaterNotifyTests */ = {
			isa = PBXNativeTarget;
			buildConfigurationList = D72818AFD26CCBF09AFF877E /* Build configuration list for PBXNativeTarget "WaterNotifyTests" */;
			buildPhases = (
				B5F5CE2662D0E347186EE83C /* Sources */,
			);
			buildRules = (
			);
			dependencies = (
				060FCE6BBA8B8CAF59E5AEE2 /* PBXTargetDependency */,
			);
			name = WaterNotifyTests;
			packageProductDependencies = (
			);
			productName = WaterNotifyTests;
			productReference = B76C5684171F00D6B1202D29 /* WaterNotifyTests.xctest */;
			productType = "com.apple.product-type.bundle.unit-test";
		};
		4E83FB2DC621129B06321F33 /* WaterNotify */ = {
			isa = PBXNativeTarget;
			buildConfigurationList = 470E8757082A33867BE73AE4 /* Build configuration list for PBXNativeTarget "WaterNotify" */;
			buildPhases = (
				B77A19D436FB3FD5F3AD37E2 /* Sources */,
			);
			buildRules = (
			);
			dependencies = (
			);
			name = WaterNotify;
			packageProductDependencies = (
			);
			productName = WaterNotify;
			productReference = 38C7BE22679BA8AFB0F6C503 /* WaterNotify.app */;
			productType = "com.apple.product-type.application";
		};
/* End PBXNativeTarget section */

/* Begin PBXProject section */
		C09E0E8AB3B731A0A207EEC1 /* Project object */ = {
			isa = PBXProject;
			attributes = {
				BuildIndependentTargetsInParallel = YES;
				LastUpgradeCheck = 1600;
				TargetAttributes = {
					4E83FB2DC621129B06321F33 = {
						ProvisioningStyle = Automatic;
					};
				};
			};
			buildConfigurationList = DBECF3B773242A1D921CA491 /* Build configuration list for PBXProject "WaterNotify" */;
			developmentRegion = en;
			hasScannedForEncodings = 0;
			knownRegions = (
				Base,
				en,
			);
			mainGroup = 6E4447F24F5EBA52FD7958CE;
			minimizedProjectReferenceProxies = 1;
			preferredProjectObjectVersion = 77;
			productRefGroup = E40357BC40568D366C96C623 /* Products */;
			projectDirPath = "";
			projectRoot = "";
			targets = (
				4E83FB2DC621129B06321F33 /* WaterNotify */,
				47DCB3E8A55FF6DAF11927B1 /* WaterNotifyTests */,
			);
		};
/* End PBXProject section */

/* Begin PBXSourcesBuildPhase section */
		B5F5CE2662D0E347186EE83C /* Sources */ = {
			isa = PBXSourcesBuildPhase;
			buildActionMask = 2147483647;
			files = (
				CD293F275402F32EC9F90834 /* GlassesLogicTests.swift in Sources */,
				BEDE9D5E8436BB2C21EEE75B /* NotificationScheduleTests.swift in Sources */,
			);
			runOnlyForDeploymentPostprocessing = 0;
		};
		B77A19D436FB3FD5F3AD37E2 /* Sources */ = {
			isa = PBXSourcesBuildPhase;
			buildActionMask = 2147483647;
			files = (
				7EA9336FC8FAF351ABEE6C5A /* ContentView.swift in Sources */,
				CB7543EF97210B347263905E /* GlassesView.swift in Sources */,
				55DCBF68DE4B9D3A6BFD0AAF /* NotificationManager.swift in Sources */,
				D00274D5828524917862033B /* NotificationSchedule.swift in Sources */,
				2626098B781F6B9926D5DBD5 /* WaterEntry.swift in Sources */,
				6151C675EFD872293EE78BD2 /* WaterNotifyApp.swift in Sources */,
			);
			runOnlyForDeploymentPostprocessing = 0;
		};
/* End PBXSourcesBuildPhase section */

/* Begin PBXTargetDependency section */
		060FCE6BBA8B8CAF59E5AEE2 /* PBXTargetDependency */ = {
			isa = PBXTargetDependency;
			target = 4E83FB2DC621129B06321F33 /* WaterNotify */;
			targetProxy = C85958970E9D8786648EF4D8 /* PBXContainerItemProxy */;
		};
/* End PBXTargetDependency section */

/* Begin XCBuildConfiguration section */
		3288DB577730FF62ECD4FF00 /* Debug */ = {
			isa = XCBuildConfiguration;
			buildSettings = {
				BUNDLE_LOADER = "$(TEST_HOST)";
				GENERATE_INFOPLIST_FILE = YES;
				IPHONEOS_DEPLOYMENT_TARGET = 17.0;
				LD_RUNPATH_SEARCH_PATHS = (
					"$(inherited)",
					"@executable_path/Frameworks",
					"@loader_path/Frameworks",
				);
				PRODUCT_BUNDLE_IDENTIFIER = com.codingadventures.waternotifytests;
				SDKROOT = iphoneos;
				SWIFT_VERSION = 5.9;
				TARGETED_DEVICE_FAMILY = "1,2";
				TEST_HOST = "$(BUILT_PRODUCTS_DIR)/WaterNotify.app/WaterNotify";
			};
			name = Debug;
		};
		37054CDC8128F3B110E89A50 /* Debug */ = {
			isa = XCBuildConfiguration;
			buildSettings = {
				ALWAYS_SEARCH_USER_PATHS = NO;
				CLANG_ANALYZER_NONNULL = YES;
				CLANG_ANALYZER_NUMBER_OBJECT_CONVERSION = YES_AGGRESSIVE;
				CLANG_CXX_LANGUAGE_STANDARD = "gnu++14";
				CLANG_CXX_LIBRARY = "libc++";
				CLANG_ENABLE_MODULES = YES;
				CLANG_ENABLE_OBJC_ARC = YES;
				CLANG_ENABLE_OBJC_WEAK = YES;
				CLANG_WARN_BLOCK_CAPTURE_AUTORELEASING = YES;
				CLANG_WARN_BOOL_CONVERSION = YES;
				CLANG_WARN_COMMA = YES;
				CLANG_WARN_CONSTANT_CONVERSION = YES;
				CLANG_WARN_DEPRECATED_OBJC_IMPLEMENTATIONS = YES;
				CLANG_WARN_DIRECT_OBJC_ISA_USAGE = YES_ERROR;
				CLANG_WARN_DOCUMENTATION_COMMENTS = YES;
				CLANG_WARN_EMPTY_BODY = YES;
				CLANG_WARN_ENUM_CONVERSION = YES;
				CLANG_WARN_INFINITE_RECURSION = YES;
				CLANG_WARN_INT_CONVERSION = YES;
				CLANG_WARN_NON_LITERAL_NULL_CONVERSION = YES;
				CLANG_WARN_OBJC_IMPLICIT_RETAIN_SELF = YES;
				CLANG_WARN_OBJC_LITERAL_CONVERSION = YES;
				CLANG_WARN_OBJC_ROOT_CLASS = YES_ERROR;
				CLANG_WARN_QUOTED_INCLUDE_IN_FRAMEWORK_HEADER = YES;
				CLANG_WARN_RANGE_LOOP_ANALYSIS = YES;
				CLANG_WARN_STRICT_PROTOTYPES = YES;
				CLANG_WARN_SUSPICIOUS_MOVE = YES;
				CLANG_WARN_UNGUARDED_AVAILABILITY = YES_AGGRESSIVE;
				CLANG_WARN_UNREACHABLE_CODE = YES;
				CLANG_WARN__DUPLICATE_METHOD_MATCH = YES;
				COPY_PHASE_STRIP = NO;
				DEBUG_INFORMATION_FORMAT = dwarf;
				ENABLE_STRICT_OBJC_MSGSEND = YES;
				ENABLE_TESTABILITY = YES;
				GCC_C_LANGUAGE_STANDARD = gnu11;
				GCC_DYNAMIC_NO_PIC = NO;
				GCC_NO_COMMON_BLOCKS = YES;
				GCC_OPTIMIZATION_LEVEL = 0;
				GCC_PREPROCESSOR_DEFINITIONS = (
					"$(inherited)",
					"DEBUG=1",
				);
				GCC_WARN_64_TO_32_BIT_CONVERSION = YES;
				GCC_WARN_ABOUT_RETURN_TYPE = YES_ERROR;
				GCC_WARN_UNDECLARED_SELECTOR = YES;
				GCC_WARN_UNINITIALIZED_AUTOS = YES_AGGRESSIVE;
				GCC_WARN_UNUSED_FUNCTION = YES;
				GCC_WARN_UNUSED_VARIABLE = YES;
				IPHONEOS_DEPLOYMENT_TARGET = 17.0;
				MTL_ENABLE_DEBUG_INFO = INCLUDE_SOURCE;
				MTL_FAST_MATH = YES;
				ONLY_ACTIVE_ARCH = YES;
				PRODUCT_NAME = "$(TARGET_NAME)";
				SDKROOT = iphoneos;
				SWIFT_ACTIVE_COMPILATION_CONDITIONS = DEBUG;
				SWIFT_OPTIMIZATION_LEVEL = "-Onone";
				SWIFT_VERSION = 5.0;
			};
			name = Debug;
		};
		5D341169BE1BA558AAD029A6 /* Release */ = {
			isa = XCBuildConfiguration;
			buildSettings = {
				BUNDLE_LOADER = "$(TEST_HOST)";
				GENERATE_INFOPLIST_FILE = YES;
				IPHONEOS_DEPLOYMENT_TARGET = 17.0;
				LD_RUNPATH_SEARCH_PATHS = (
					"$(inherited)",
					"@executable_path/Frameworks",
					"@loader_path/Frameworks",
				);
				PRODUCT_BUNDLE_IDENTIFIER = com.codingadventures.waternotifytests;
				SDKROOT = iphoneos;
				SWIFT_VERSION = 5.9;
				TARGETED_DEVICE_FAMILY = "1,2";
				TEST_HOST = "$(BUILT_PRODUCTS_DIR)/WaterNotify.app/WaterNotify";
			};
			name = Release;
		};
		981F68CF6A40B290F1FAE652 /* Release */ = {
			isa = XCBuildConfiguration;
			buildSettings = {
				ALWAYS_SEARCH_USER_PATHS = NO;
				CLANG_ANALYZER_NONNULL = YES;
				CLANG_ANALYZER_NUMBER_OBJECT_CONVERSION = YES_AGGRESSIVE;
				CLANG_CXX_LANGUAGE_STANDARD = "gnu++14";
				CLANG_CXX_LIBRARY = "libc++";
				CLANG_ENABLE_MODULES = YES;
				CLANG_ENABLE_OBJC_ARC = YES;
				CLANG_ENABLE_OBJC_WEAK = YES;
				CLANG_WARN_BLOCK_CAPTURE_AUTORELEASING = YES;
				CLANG_WARN_BOOL_CONVERSION = YES;
				CLANG_WARN_COMMA = YES;
				CLANG_WARN_CONSTANT_CONVERSION = YES;
				CLANG_WARN_DEPRECATED_OBJC_IMPLEMENTATIONS = YES;
				CLANG_WARN_DIRECT_OBJC_ISA_USAGE = YES_ERROR;
				CLANG_WARN_DOCUMENTATION_COMMENTS = YES;
				CLANG_WARN_EMPTY_BODY = YES;
				CLANG_WARN_ENUM_CONVERSION = YES;
				CLANG_WARN_INFINITE_RECURSION = YES;
				CLANG_WARN_INT_CONVERSION = YES;
				CLANG_WARN_NON_LITERAL_NULL_CONVERSION = YES;
				CLANG_WARN_OBJC_IMPLICIT_RETAIN_SELF = YES;
				CLANG_WARN_OBJC_LITERAL_CONVERSION = YES;
				CLANG_WARN_OBJC_ROOT_CLASS = YES_ERROR;
				CLANG_WARN_QUOTED_INCLUDE_IN_FRAMEWORK_HEADER = YES;
				CLANG_WARN_RANGE_LOOP_ANALYSIS = YES;
				CLANG_WARN_STRICT_PROTOTYPES = YES;
				CLANG_WARN_SUSPICIOUS_MOVE = YES;
				CLANG_WARN_UNGUARDED_AVAILABILITY = YES_AGGRESSIVE;
				CLANG_WARN_UNREACHABLE_CODE = YES;
				CLANG_WARN__DUPLICATE_METHOD_MATCH = YES;
				COPY_PHASE_STRIP = NO;
				DEBUG_INFORMATION_FORMAT = "dwarf-with-dsym";
				ENABLE_NS_ASSERTIONS = NO;
				ENABLE_STRICT_OBJC_MSGSEND = YES;
				GCC_C_LANGUAGE_STANDARD = gnu11;
				GCC_NO_COMMON_BLOCKS = YES;
				GCC_WARN_64_TO_32_BIT_CONVERSION = YES;
				GCC_WARN_ABOUT_RETURN_TYPE = YES_ERROR;
				GCC_WARN_UNDECLARED_SELECTOR = YES;
				GCC_WARN_UNINITIALIZED_AUTOS = YES_AGGRESSIVE;
				GCC_WARN_UNUSED_FUNCTION = YES;
				GCC_WARN_UNUSED_VARIABLE = YES;
				IPHONEOS_DEPLOYMENT_TARGET = 17.0;
				MTL_ENABLE_DEBUG_INFO = NO;
				MTL_FAST_MATH = YES;
				PRODUCT_NAME = "$(TARGET_NAME)";
				SDKROOT = iphoneos;
				SWIFT_COMPILATION_MODE = wholemodule;
				SWIFT_OPTIMIZATION_LEVEL = "-O";
				SWIFT_VERSION = 5.0;
			};
			name = Release;
		};
		A236A40DEDB282D8481274AC /* Debug */ = {
			isa = XCBuildConfiguration;
			buildSettings = {
				ASSETCATALOG_COMPILER_APPICON_NAME = AppIcon;
				CODE_SIGN_IDENTITY = "iPhone Developer";
				CODE_SIGN_STYLE = Automatic;
				CURRENT_PROJECT_VERSION = 1;
				INFOPLIST_FILE = Sources/WaterNotify/Info.plist;
				IPHONEOS_DEPLOYMENT_TARGET = 17.0;
				LD_RUNPATH_SEARCH_PATHS = (
					"$(inherited)",
					"@executable_path/Frameworks",
				);
				MARKETING_VERSION = 1.0.0;
				PRODUCT_BUNDLE_IDENTIFIER = com.codingadventures.waternotify;
				SDKROOT = iphoneos;
				SWIFT_VERSION = 5.9;
				TARGETED_DEVICE_FAMILY = "1,2";
			};
			name = Debug;
		};
		C7FDC57E5202F54E78F7CBD4 /* Release */ = {
			isa = XCBuildConfiguration;
			buildSettings = {
				ASSETCATALOG_COMPILER_APPICON_NAME = AppIcon;
				CODE_SIGN_IDENTITY = "iPhone Developer";
				CODE_SIGN_STYLE = Automatic;
				CURRENT_PROJECT_VERSION = 1;
				INFOPLIST_FILE = Sources/WaterNotify/Info.plist;
				IPHONEOS_DEPLOYMENT_TARGET = 17.0;
				LD_RUNPATH_SEARCH_PATHS = (
					"$(inherited)",
					"@executable_path/Frameworks",
				);
				MARKETING_VERSION = 1.0.0;
				PRODUCT_BUNDLE_IDENTIFIER = com.codingadventures.waternotify;
				SDKROOT = iphoneos;
				SWIFT_VERSION = 5.9;
				TARGETED_DEVICE_FAMILY = "1,2";
			};
			name = Release;
		};
/* End XCBuildConfiguration section */

/* Begin XCConfigurationList section */
		470E8757082A33867BE73AE4 /* Build configuration list for PBXNativeTarget "WaterNotify" */ = {
			isa = XCConfigurationList;
			buildConfigurations = (
				A236A40DEDB282D8481274AC /* Debug */,
				C7FDC57E5202F54E78F7CBD4 /* Release */,
			);
			defaultConfigurationIsVisible = 0;
			defaultConfigurationName = Debug;
		};
		D72818AFD26CCBF09AFF877E /* Build configuration list for PBXNativeTarget "WaterNotifyTests" */ = {
			isa = XCConfigurationList;
			buildConfigurations = (
				3288DB577730FF62ECD4FF00 /* Debug */,
				5D341169BE1BA558AAD029A6 /* Release */,
			);
			defaultConfigurationIsVisible = 0;
			defaultConfigurationName = Debug;
		};
		DBECF3B773242A1D921CA491 /* Build configuration list for PBXProject "WaterNotify" */ = {
			isa = XCConfigurationList;
			buildConfigurations = (
				37054CDC8128F3B110E89A50 /* Debug */,
				981F68CF6A40B290F1FAE652 /* Release */,
			);
			defaultConfigurationIsVisible = 0;
			defaultConfigurationName = Debug;
		};
/* End XCConfigurationList section */
	};
	rootObject = C09E0E8AB3B731A0A207EEC1 /* Project object */;
}
