{
  "name": "@coding-adventures/ircd",
  "version": "0.1.0",
  "lockfileVersion": 3,
  "requires": true,
  "packages": {
    "": {
      "name": "@coding-adventures/ircd",
      "version": "0.1.0",
      "license": "MIT",
      "dependencies": {
        "@coding-adventures/irc-framing": "file:../../../packages/typescript/irc-framing",
        "@coding-adventures/irc-net-stdlib": "file:../../../packages/typescript/irc-net-stdlib",
        "@coding-adventures/irc-proto": "file:../../../packages/typescript/irc-proto",
        "@coding-adventures/irc-server": "file:../../../packages/typescript/irc-server"
      },
      "bin": {
        "ircd": "dist/index.js"
      },
      "devDependencies": {
        "@types/node": "^20.0.0",
        "typescript": "^5.0.0"
      }
    },
    "../../../packages/typescript/irc-framing": {
      "name": "@coding-adventures/irc-framing",
      "version": "0.1.0",
      "license": "MIT",
      "devDependencies": {
        "@vitest/coverage-v8": "^3.0.0",
        "typescript": "^5.0.0",
        "vitest": "^3.0.0"
      }
    },
    "../../../packages/typescript/irc-net-stdlib": {
      "name": "@coding-adventures/irc-net-stdlib",
      "version": "0.1.0",
      "license": "MIT",
      "devDependencies": {
        "@types/node": "^20.0.0",
        "@vitest/coverage-v8": "^3.0.0",
        "typescript": "^5.0.0",
        "vitest": "^3.0.0"
      }
    },
    "../../../packages/typescript/irc-proto": {
      "name": "@coding-adventures/irc-proto",
      "version": "0.1.0",
      "license": "MIT",
      "devDependencies": {
        "@vitest/coverage-v8": "^3.0.0",
        "typescript": "^5.0.0",
        "vitest": "^3.0.0"
      }
    },
    "../../../packages/typescript/irc-server": {
      "name": "@coding-adventures/irc-server",
      "version": "0.1.0",
      "license": "MIT",
      "dependencies": {
        "@coding-adventures/irc-proto": "file:../irc-proto"
      },
      "devDependencies": {
        "@vitest/coverage-v8": "^3.0.0",
        "typescript": "^5.0.0",
        "vitest": "^3.0.0"
      }
    },
    "node_modules/@coding-adventures/irc-framing": {
      "resolved": "../../../packages/typescript/irc-framing",
      "link": true
    },
    "node_modules/@coding-adventures/irc-net-stdlib": {
      "resolved": "../../../packages/typescript/irc-net-stdlib",
      "link": true
    },
    "node_modules/@coding-adventures/irc-proto": {
      "resolved": "../../../packages/typescript/irc-proto",
      "link": true
    },
    "node_modules/@coding-adventures/irc-server": {
      "resolved": "../../../packages/typescript/irc-server",
      "link": true
    },
    "node_modules/@types/node": {
      "version": "20.19.39",
      "resolved": "https://registry.npmjs.org/@types/node/-/node-20.19.39.tgz",
      "integrity": "sha512-orrrD74MBUyK8jOAD/r0+lfa1I2MO6I+vAkmAWzMYbCcgrN4lCrmK52gRFQq/JRxfYPfonkr4b0jcY7Olqdqbw==",
      "dev": true,
      "license": "MIT",
      "dependencies": {
        "undici-types": "~6.21.0"
      }
    },
    "node_modules/typescript": {
      "version": "5.9.3",
      "resolved": "https://registry.npmjs.org/typescript/-/typescript-5.9.3.tgz",
      "integrity": "sha512-jl1vZzPDinLr9eUt3J/t7V6FgNEw9QjvBPdysz9KfQDD41fQrC2Y4vKQdiaUpFT4bXlb1RHhLpp8wtm6M5TgSw==",
      "dev": true,
      "license": "Apache-2.0",
      "bin": {
        "tsc": "bin/tsc",
        "tsserver": "bin/tsserver"
      },
      "engines": {
        "node": ">=14.17"
      }
    },
    "node_modules/undici-types": {
      "version": "6.21.0",
      "resolved": "https://registry.npmjs.org/undici-types/-/undici-types-6.21.0.tgz",
      "integrity": "sha512-iwDZqg0QAGrg9Rav5H4n0M64c3mkR59cJ6wQp+7C4nI0gsmExaedaYLNO44eT4AtBBwjbTiGPMlt2Md0T9H9JQ==",
      "dev": true,
      "license": "MIT"
    }
  }
}
