{
  "name": "perceptron",
  "version": "1.0.0",
  "lockfileVersion": 3,
  "requires": true,
  "packages": {
    "": {
      "name": "perceptron",
      "version": "1.0.0",
      "dependencies": {
        "activation-functions": "file:../activation-functions",
        "coding-adventures-loss-functions": "file:../loss-functions",
        "coding-adventures-matrix": "file:../matrix"
      },
      "devDependencies": {
        "typescript": "^5.0.0"
      }
    },
    "../activation-functions": {
      "version": "1.0.0",
      "devDependencies": {
        "typescript": "^5.0.0"
      }
    },
    "../loss-functions": {
      "name": "coding-adventures-loss-functions",
      "version": "1.0.0",
      "devDependencies": {
        "@types/jest": "^29.5.0",
        "jest": "^29.5.0",
        "ts-jest": "^29.1.0",
        "typescript": "^5.0.0"
      }
    },
    "../matrix": {
      "version": "1.0.0",
      "devDependencies": {
        "@types/jest": "^29.0.0",
        "jest": "^29.0.0",
        "ts-jest": "^29.0.0",
        "typescript": "^5.0.0"
      }
    },
    "node_modules/activation-functions": {
      "resolved": "../activation-functions",
      "link": true
    },
    "node_modules/coding-adventures-loss-functions": {
      "resolved": "../loss-functions",
      "link": true
    },
    "node_modules/coding-adventures-matrix": {
      "resolved": "../matrix",
      "link": true
    },
    "node_modules/typescript": {
      "version": "5.9.3",
      "resolved": "https://registry.npmjs.org/typescript/-/typescript-5.9.3.tgz",
      "integrity": "sha512-jl1vZzPDinLr9eUt3J/t7V6FgNEw9QjvBPdysz9KfQDD41fQrC2Y4vKQdiaUpFT4bXlb1RHhLpp8wtm6M5TgSw==",
      "dev": true,
      "license": "Apache-2.0",
      "bin": {
        "tsc": "bin/tsc",
        "tsserver": "bin/tsserver"
      },
      "engines": {
        "node": ">=14.17"
      }
    }
  }
}
