github.com/adhithyan15/coding-adventures/code/packages/go/sha256 v0.0.0-20260407020727-72e3824b856f h1:6grGPU2AoiwWZrPg3JJ2dBKU2/ALnlCxA783/1mW67s=
github.com/adhithyan15/coding-adventures/code/packages/go/sha256 v0.0.0-20260407020727-72e3824b856f/go.mod h1:YlZVGzcXcvgjoCRPgEXHW7AvdJ1ZAudqHS/+NOIAr7Y=
