{
  "name": "@coding-adventures/barcode-1d",
  "version": "0.1.0",
  "lockfileVersion": 3,
  "requires": true,
  "packages": {
    "": {
      "name": "@coding-adventures/barcode-1d",
      "version": "0.1.0",
      "license": "MIT",
      "dependencies": {
        "@coding-adventures/barcode-layout-1d": "file:../barcode-layout-1d",
        "@coding-adventures/codabar": "file:../codabar",
        "@coding-adventures/code128": "file:../code128",
        "@coding-adventures/code39": "file:../code39",
        "@coding-adventures/ean-13": "file:../ean-13",
        "@coding-adventures/itf": "file:../itf",
        "@coding-adventures/paint-instructions": "file:../paint-instructions",
        "@coding-adventures/upc-a": "file:../upc-a"
      }
    },
    "../barcode-layout-1d": {
      "name": "@coding-adventures/barcode-layout-1d",
      "version": "0.1.0",
      "license": "MIT",
      "dependencies": {
        "@coding-adventures/paint-instructions": "file:../paint-instructions"
      },
      "devDependencies": {
        "@vitest/coverage-v8": "^4.1.0",
        "typescript": "^5.0.0",
        "vitest": "^4.1.0"
      }
    },
    "../codabar": {
      "name": "@coding-adventures/codabar",
      "version": "0.1.0",
      "license": "MIT",
      "dependencies": {
        "@coding-adventures/barcode-layout-1d": "file:../barcode-layout-1d"
      },
      "devDependencies": {
        "@vitest/coverage-v8": "^4.1.0",
        "typescript": "^5.0.0",
        "vitest": "^4.1.0"
      }
    },
    "../code128": {
      "name": "@coding-adventures/code128",
      "version": "0.1.0",
      "license": "MIT",
      "dependencies": {
        "@coding-adventures/barcode-layout-1d": "file:../barcode-layout-1d"
      },
      "devDependencies": {
        "@vitest/coverage-v8": "^4.1.0",
        "typescript": "^5.0.0",
        "vitest": "^4.1.0"
      }
    },
    "../code39": {
      "name": "@coding-adventures/code39",
      "version": "0.1.0",
      "license": "MIT",
      "dependencies": {
        "@coding-adventures/barcode-layout-1d": "file:../barcode-layout-1d"
      },
      "devDependencies": {
        "@vitest/coverage-v8": "^4.1.0",
        "typescript": "^5.0.0",
        "vitest": "^4.1.0"
      }
    },
    "../ean-13": {
      "name": "@coding-adventures/ean-13",
      "version": "0.1.0",
      "license": "MIT",
      "dependencies": {
        "@coding-adventures/barcode-layout-1d": "file:../barcode-layout-1d"
      },
      "devDependencies": {
        "@vitest/coverage-v8": "^4.1.0",
        "typescript": "^5.0.0",
        "vitest": "^4.1.0"
      }
    },
    "../itf": {
      "name": "@coding-adventures/itf",
      "version": "0.1.0",
      "license": "MIT",
      "dependencies": {
        "@coding-adventures/barcode-layout-1d": "file:../barcode-layout-1d"
      },
      "devDependencies": {
        "@vitest/coverage-v8": "^4.1.0",
        "typescript": "^5.0.0",
        "vitest": "^4.1.0"
      }
    },
    "../paint-instructions": {
      "name": "@coding-adventures/paint-instructions",
      "version": "0.1.0",
      "license": "MIT",
      "dependencies": {
        "@coding-adventures/pixel-container": "file:../pixel-container"
      },
      "devDependencies": {
        "@vitest/coverage-v8": "^4.1.0",
        "typescript": "^5.0.0",
        "vitest": "^4.1.0"
      }
    },
    "../upc-a": {
      "name": "@coding-adventures/upc-a",
      "version": "0.1.0",
      "license": "MIT",
      "dependencies": {
        "@coding-adventures/barcode-layout-1d": "file:../barcode-layout-1d"
      },
      "devDependencies": {
        "@vitest/coverage-v8": "^4.1.0",
        "typescript": "^5.0.0",
        "vitest": "^4.1.0"
      }
    },
    "node_modules/@coding-adventures/barcode-layout-1d": {
      "resolved": "../barcode-layout-1d",
      "link": true
    },
    "node_modules/@coding-adventures/codabar": {
      "resolved": "../codabar",
      "link": true
    },
    "node_modules/@coding-adventures/code128": {
      "resolved": "../code128",
      "link": true
    },
    "node_modules/@coding-adventures/code39": {
      "resolved": "../code39",
      "link": true
    },
    "node_modules/@coding-adventures/ean-13": {
      "resolved": "../ean-13",
      "link": true
    },
    "node_modules/@coding-adventures/itf": {
      "resolved": "../itf",
      "link": true
    },
    "node_modules/@coding-adventures/paint-instructions": {
      "resolved": "../paint-instructions",
      "link": true
    },
    "node_modules/@coding-adventures/upc-a": {
      "resolved": "../upc-a",
      "link": true
    }
  }
}
